# This file is automatically @generated by Cargo.
# It is not intended for manual editing.
version = 4

[[package]]
name = "utter-audio"
version = "0.1.0"

[[package]]
name = "utter-core"
version = "0.1.0"

[[package]]
name = "utter-inject"
version = "0.1.0"

[[package]]
name = "utter-refine"
version = "0.1.0"

[[package]]
name = "utter-store"
version = "0.1.0"

[[package]]
name = "utter-stt"
version = "0.1.0"
